
Microsoft Visual Studio Solution File, Format Version 12.00
# Visual Studio 15
VisualStudioVersion = 15.0.27004.2005
MinimumVisualStudioVersion = 10.0.40219.1
Project("{FAE04EC0-301F-11D3-BF4B-00C04F79EFBC}") = "ChauffeursApplicatieMaarDanGoed.Android", "ChauffeursApplicatieMaarDanGoed\ChauffeursApplicatieMaarDanGoed.Android\ChauffeursApplicatieMaarDanGoed.Android.csproj", "{BF9E70F7-937C-45A9-9692-5184640C5268}"
EndProject
Project("{FAE04EC0-301F-11D3-BF4B-00C04F79EFBC}") = "ChauffeursApplicatieMaarDanGoed", "ChauffeursApplicatieMaarDanGoed\ChauffeursApplicatieMaarDanGoed\ChauffeursApplicatieMaarDanGoed.csproj", "{3B87F43B-4E66-448F-8B95-48E085350A1F}"
EndProject
Project("{FAE04EC0-301F-11D3-BF4B-00C04F79EFBC}") = "ChauffeursApplicatieMaarDanGoed.UWP", "ChauffeursApplicatieMaarDanGoed\ChauffeursApplicatieMaarDanGoed.UWP\ChauffeursApplicatieMaarDanGoed.UWP.csproj", "{7538BFAE-9CD4-4169-B8A7-74B503F55B89}"
EndProject
Project("{FAE04EC0-301F-11D3-BF4B-00C04F79EFBC}") = "ChauffeursApplicatieMaarDanGoed.iOS", "ChauffeursApplicatieMaarDanGoed\ChauffeursApplicatieMaarDanGoed.iOS\ChauffeursApplicatieMaarDanGoed.iOS.csproj", "{D1195CAC-E2BD-443B-B585-05E41A493D4D}"
EndProject
Global
	GlobalSection(SolutionConfigurationPlatforms) = preSolution
		Ad-Hoc|Any CPU = Ad-Hoc|Any CPU
		Ad-Hoc|ARM = Ad-Hoc|ARM
		Ad-Hoc|iPhone = Ad-Hoc|iPhone
		Ad-Hoc|iPhoneSimulator = Ad-Hoc|iPhoneSimulator
		Ad-Hoc|x64 = Ad-Hoc|x64
		Ad-Hoc|x86 = Ad-Hoc|x86
		AppStore|Any CPU = AppStore|Any CPU
		AppStore|ARM = AppStore|ARM
		AppStore|iPhone = AppStore|iPhone
		AppStore|iPhoneSimulator = AppStore|iPhoneSimulator
		AppStore|x64 = AppStore|x64
		AppStore|x86 = AppStore|x86
		Debug|Any CPU = Debug|Any CPU
		Debug|ARM = Debug|ARM
		Debug|iPhone = Debug|iPhone
		Debug|iPhoneSimulator = Debug|iPhoneSimulator
		Debug|x64 = Debug|x64
		Debug|x86 = Debug|x86
		Release|Any CPU = Release|Any CPU
		Release|ARM = Release|ARM
		Release|iPhone = Release|iPhone
		Release|iPhoneSimulator = Release|iPhoneSimulator
		Release|x64 = Release|x64
		Release|x86 = Release|x86
	EndGlobalSection
	GlobalSection(ProjectConfigurationPlatforms) = postSolution
		{BF9E70F7-937C-45A9-9692-5184640C5268}.Ad-Hoc|Any CPU.ActiveCfg = Release|Any CPU
		{BF9E70F7-937C-45A9-9692-5184640C5268}.Ad-Hoc|Any CPU.Build.0 = Release|Any CPU
		{BF9E70F7-937C-45A9-9692-5184640C5268}.Ad-Hoc|Any CPU.Deploy.0 = Release|Any CPU
		{BF9E70F7-937C-45A9-9692-5184640C5268}.Ad-Hoc|ARM.ActiveCfg = Release|Any CPU
		{BF9E70F7-937C-45A9-9692-5184640C5268}.Ad-Hoc|ARM.Build.0 = Release|Any CPU
		{BF9E70F7-937C-45A9-9692-5184640C5268}.Ad-Hoc|ARM.Deploy.0 = Release|Any CPU
		{BF9E70F7-937C-45A9-9692-5184640C5268}.Ad-Hoc|iPhone.ActiveCfg = Release|Any CPU
		{BF9E70F7-937C-45A9-9692-5184640C5268}.Ad-Hoc|iPhone.Build.0 = Release|Any CPU
		{BF9E70F7-937C-45A9-9692-5184640C5268}.Ad-Hoc|iPhone.Deploy.0 = Release|Any CPU
		{BF9E70F7-937C-45A9-9692-5184640C5268}.Ad-Hoc|iPhoneSimulator.ActiveCfg = Release|Any CPU
		{BF9E70F7-937C-45A9-9692-5184640C5268}.Ad-Hoc|iPhoneSimulator.Build.0 = Release|Any CPU
		{BF9E70F7-937C-45A9-9692-5184640C5268}.Ad-Hoc|iPhoneSimulator.Deploy.0 = Release|Any CPU
		{BF9E70F7-937C-45A9-9692-5184640C5268}.Ad-Hoc|x64.ActiveCfg = Release|Any CPU
		{BF9E70F7-937C-45A9-9692-5184640C5268}.Ad-Hoc|x64.Build.0 = Release|Any CPU
		{BF9E70F7-937C-45A9-9692-5184640C5268}.Ad-Hoc|x64.Deploy.0 = Release|Any CPU
		{BF9E70F7-937C-45A9-9692-5184640C5268}.Ad-Hoc|x86.ActiveCfg = Release|Any CPU
		{BF9E70F7-937C-45A9-9692-5184640C5268}.Ad-Hoc|x86.Build.0 = Release|Any CPU
		{BF9E70F7-937C-45A9-9692-5184640C5268}.Ad-Hoc|x86.Deploy.0 = Release|Any CPU
		{BF9E70F7-937C-45A9-9692-5184640C5268}.AppStore|Any CPU.ActiveCfg = Release|Any CPU
		{BF9E70F7-937C-45A9-9692-5184640C5268}.AppStore|Any CPU.Build.0 = Release|Any CPU
		{BF9E70F7-937C-45A9-9692-5184640C5268}.AppStore|Any CPU.Deploy.0 = Release|Any CPU
		{BF9E70F7-937C-45A9-9692-5184640C5268}.AppStore|ARM.ActiveCfg = Release|Any CPU
		{BF9E70F7-937C-45A9-9692-5184640C5268}.AppStore|ARM.Build.0 = Release|Any CPU
		{BF9E70F7-937C-45A9-9692-5184640C5268}.AppStore|ARM.Deploy.0 = Release|Any CPU
		{BF9E70F7-937C-45A9-9692-5184640C5268}.AppStore|iPhone.ActiveCfg = Release|Any CPU
		{BF9E70F7-937C-45A9-9692-5184640C5268}.AppStore|iPhone.Build.0 = Release|Any CPU
		{BF9E70F7-937C-45A9-9692-5184640C5268}.AppStore|iPhone.Deploy.0 = Release|Any CPU
		{BF9E70F7-937C-45A9-9692-5184640C5268}.AppStore|iPhoneSimulator.ActiveCfg = Release|Any CPU
		{BF9E70F7-937C-45A9-9692-5184640C5268}.AppStore|iPhoneSimulator.Build.0 = Release|Any CPU
		{BF9E70F7-937C-45A9-9692-5184640C5268}.AppStore|iPhoneSimulator.Deploy.0 = Release|Any CPU
		{BF9E70F7-937C-45A9-9692-5184640C5268}.AppStore|x64.ActiveCfg = Release|Any CPU
		{BF9E70F7-937C-45A9-9692-5184640C5268}.AppStore|x64.Build.0 = Release|Any CPU
		{BF9E70F7-937C-45A9-9692-5184640C5268}.AppStore|x64.Deploy.0 = Release|Any CPU
		{BF9E70F7-937C-45A9-9692-5184640C5268}.AppStore|x86.ActiveCfg = Release|Any CPU
		{BF9E70F7-937C-45A9-9692-5184640C5268}.AppStore|x86.Build.0 = Release|Any CPU
		{BF9E70F7-937C-45A9-9692-5184640C5268}.AppStore|x86.Deploy.0 = Release|Any CPU
		{BF9E70F7-937C-45A9-9692-5184640C5268}.Debug|Any CPU.ActiveCfg = Debug|Any CPU
		{BF9E70F7-937C-45A9-9692-5184640C5268}.Debug|Any CPU.Build.0 = Debug|Any CPU
		{BF9E70F7-937C-45A9-9692-5184640C5268}.Debug|Any CPU.Deploy.0 = Debug|Any CPU
		{BF9E70F7-937C-45A9-9692-5184640C5268}.Debug|ARM.ActiveCfg = Debug|Any CPU
		{BF9E70F7-937C-45A9-9692-5184640C5268}.Debug|ARM.Build.0 = Debug|Any CPU
		{BF9E70F7-937C-45A9-9692-5184640C5268}.Debug|ARM.Deploy.0 = Debug|Any CPU
		{BF9E70F7-937C-45A9-9692-5184640C5268}.Debug|iPhone.ActiveCfg = Debug|Any CPU
		{BF9E70F7-937C-45A9-9692-5184640C5268}.Debug|iPhone.Build.0 = Debug|Any CPU
		{BF9E70F7-937C-45A9-9692-5184640C5268}.Debug|iPhone.Deploy.0 = Debug|Any CPU
		{BF9E70F7-937C-45A9-9692-5184640C5268}.Debug|iPhoneSimulator.ActiveCfg = Debug|Any CPU
		{BF9E70F7-937C-45A9-9692-5184640C5268}.Debug|iPhoneSimulator.Build.0 = Debug|Any CPU
		{BF9E70F7-937C-45A9-9692-5184640C5268}.Debug|iPhoneSimulator.Deploy.0 = Debug|Any CPU
		{BF9E70F7-937C-45A9-9692-5184640C5268}.Debug|x64.ActiveCfg = Debug|Any CPU
		{BF9E70F7-937C-45A9-9692-5184640C5268}.Debug|x64.Build.0 = Debug|Any CPU
		{BF9E70F7-937C-45A9-9692-5184640C5268}.Debug|x64.Deploy.0 = Debug|Any CPU
		{BF9E70F7-937C-45A9-9692-5184640C5268}.Debug|x86.ActiveCfg = Debug|Any CPU
		{BF9E70F7-937C-45A9-9692-5184640C5268}.Debug|x86.Build.0 = Debug|Any CPU
		{BF9E70F7-937C-45A9-9692-5184640C5268}.Debug|x86.Deploy.0 = Debug|Any CPU
		{BF9E70F7-937C-45A9-9692-5184640C5268}.Release|Any CPU.ActiveCfg = Release|Any CPU
		{BF9E70F7-937C-45A9-9692-5184640C5268}.Release|Any CPU.Build.0 = Release|Any CPU
		{BF9E70F7-937C-45A9-9692-5184640C5268}.Release|Any CPU.Deploy.0 = Release|Any CPU
		{BF9E70F7-937C-45A9-9692-5184640C5268}.Release|ARM.ActiveCfg = Release|Any CPU
		{BF9E70F7-937C-45A9-9692-5184640C5268}.Release|ARM.Build.0 = Release|Any CPU
		{BF9E70F7-937C-45A9-9692-5184640C5268}.Release|ARM.Deploy.0 = Release|Any CPU
		{BF9E70F7-937C-45A9-9692-5184640C5268}.Release|iPhone.ActiveCfg = Release|Any CPU
		{BF9E70F7-937C-45A9-9692-5184640C5268}.Release|iPhone.Build.0 = Release|Any CPU
		{BF9E70F7-937C-45A9-9692-5184640C5268}.Release|iPhone.Deploy.0 = Release|Any CPU
		{BF9E70F7-937C-45A9-9692-5184640C5268}.Release|iPhoneSimulator.ActiveCfg = Release|Any CPU
		{BF9E70F7-937C-45A9-9692-5184640C5268}.Release|iPhoneSimulator.Build.0 = Release|Any CPU
		{BF9E70F7-937C-45A9-9692-5184640C5268}.Release|iPhoneSimulator.Deploy.0 = Release|Any CPU
		{BF9E70F7-937C-45A9-9692-5184640C5268}.Release|x64.ActiveCfg = Release|Any CPU
		{BF9E70F7-937C-45A9-9692-5184640C5268}.Release|x64.Build.0 = Release|Any CPU
		{BF9E70F7-937C-45A9-9692-5184640C5268}.Release|x64.Deploy.0 = Release|Any CPU
		{BF9E70F7-937C-45A9-9692-5184640C5268}.Release|x86.ActiveCfg = Release|Any CPU
		{BF9E70F7-937C-45A9-9692-5184640C5268}.Release|x86.Build.0 = Release|Any CPU
		{BF9E70F7-937C-45A9-9692-5184640C5268}.Release|x86.Deploy.0 = Release|Any CPU
		{3B87F43B-4E66-448F-8B95-48E085350A1F}.Ad-Hoc|Any CPU.ActiveCfg = Release|Any CPU
		{3B87F43B-4E66-448F-8B95-48E085350A1F}.Ad-Hoc|Any CPU.Build.0 = Release|Any CPU
		{3B87F43B-4E66-448F-8B95-48E085350A1F}.Ad-Hoc|ARM.ActiveCfg = Release|Any CPU
		{3B87F43B-4E66-448F-8B95-48E085350A1F}.Ad-Hoc|ARM.Build.0 = Release|Any CPU
		{3B87F43B-4E66-448F-8B95-48E085350A1F}.Ad-Hoc|iPhone.ActiveCfg = Release|Any CPU
		{3B87F43B-4E66-448F-8B95-48E085350A1F}.Ad-Hoc|iPhone.Build.0 = Release|Any CPU
		{3B87F43B-4E66-448F-8B95-48E085350A1F}.Ad-Hoc|iPhoneSimulator.ActiveCfg = Release|Any CPU
		{3B87F43B-4E66-448F-8B95-48E085350A1F}.Ad-Hoc|iPhoneSimulator.Build.0 = Release|Any CPU
		{3B87F43B-4E66-448F-8B95-48E085350A1F}.Ad-Hoc|x64.ActiveCfg = Release|Any CPU
		{3B87F43B-4E66-448F-8B95-48E085350A1F}.Ad-Hoc|x64.Build.0 = Release|Any CPU
		{3B87F43B-4E66-448F-8B95-48E085350A1F}.Ad-Hoc|x86.ActiveCfg = Release|Any CPU
		{3B87F43B-4E66-448F-8B95-48E085350A1F}.Ad-Hoc|x86.Build.0 = Release|Any CPU
		{3B87F43B-4E66-448F-8B95-48E085350A1F}.AppStore|Any CPU.ActiveCfg = Release|Any CPU
		{3B87F43B-4E66-448F-8B95-48E085350A1F}.AppStore|Any CPU.Build.0 = Release|Any CPU
		{3B87F43B-4E66-448F-8B95-48E085350A1F}.AppStore|ARM.ActiveCfg = Release|Any CPU
		{3B87F43B-4E66-448F-8B95-48E085350A1F}.AppStore|ARM.Build.0 = Release|Any CPU
		{3B87F43B-4E66-448F-8B95-48E085350A1F}.AppStore|iPhone.ActiveCfg = Release|Any CPU
		{3B87F43B-4E66-448F-8B95-48E085350A1F}.AppStore|iPhone.Build.0 = Release|Any CPU
		{3B87F43B-4E66-448F-8B95-48E085350A1F}.AppStore|iPhoneSimulator.ActiveCfg = Release|Any CPU
		{3B87F43B-4E66-448F-8B95-48E085350A1F}.AppStore|iPhoneSimulator.Build.0 = Release|Any CPU
		{3B87F43B-4E66-448F-8B95-48E085350A1F}.AppStore|x64.ActiveCfg = Release|Any CPU
		{3B87F43B-4E66-448F-8B95-48E085350A1F}.AppStore|x64.Build.0 = Release|Any CPU
		{3B87F43B-4E66-448F-8B95-48E085350A1F}.AppStore|x86.ActiveCfg = Release|Any CPU
		{3B87F43B-4E66-448F-8B95-48E085350A1F}.AppStore|x86.Build.0 = Release|Any CPU
		{3B87F43B-4E66-448F-8B95-48E085350A1F}.Debug|Any CPU.ActiveCfg = Debug|Any CPU
		{3B87F43B-4E66-448F-8B95-48E085350A1F}.Debug|Any CPU.Build.0 = Debug|Any CPU
		{3B87F43B-4E66-448F-8B95-48E085350A1F}.Debug|ARM.ActiveCfg = Debug|Any CPU
		{3B87F43B-4E66-448F-8B95-48E085350A1F}.Debug|ARM.Build.0 = Debug|Any CPU
		{3B87F43B-4E66-448F-8B95-48E085350A1F}.Debug|iPhone.ActiveCfg = Debug|Any CPU
		{3B87F43B-4E66-448F-8B95-48E085350A1F}.Debug|iPhone.Build.0 = Debug|Any CPU
		{3B87F43B-4E66-448F-8B95-48E085350A1F}.Debug|iPhoneSimulator.ActiveCfg = Debug|Any CPU
		{3B87F43B-4E66-448F-8B95-48E085350A1F}.Debug|iPhoneSimulator.Build.0 = Debug|Any CPU
		{3B87F43B-4E66-448F-8B95-48E085350A1F}.Debug|x64.ActiveCfg = Debug|Any CPU
		{3B87F43B-4E66-448F-8B95-48E085350A1F}.Debug|x64.Build.0 = Debug|Any CPU
		{3B87F43B-4E66-448F-8B95-48E085350A1F}.Debug|x86.ActiveCfg = Debug|Any CPU
		{3B87F43B-4E66-448F-8B95-48E085350A1F}.Debug|x86.Build.0 = Debug|Any CPU
		{3B87F43B-4E66-448F-8B95-48E085350A1F}.Release|Any CPU.ActiveCfg = Release|Any CPU
		{3B87F43B-4E66-448F-8B95-48E085350A1F}.Release|Any CPU.Build.0 = Release|Any CPU
		{3B87F43B-4E66-448F-8B95-48E085350A1F}.Release|ARM.ActiveCfg = Release|Any CPU
		{3B87F43B-4E66-448F-8B95-48E085350A1F}.Release|ARM.Build.0 = Release|Any CPU
		{3B87F43B-4E66-448F-8B95-48E085350A1F}.Release|iPhone.ActiveCfg = Release|Any CPU
		{3B87F43B-4E66-448F-8B95-48E085350A1F}.Release|iPhone.Build.0 = Release|Any CPU
		{3B87F43B-4E66-448F-8B95-48E085350A1F}.Release|iPhoneSimulator.ActiveCfg = Release|Any CPU
		{3B87F43B-4E66-448F-8B95-48E085350A1F}.Release|iPhoneSimulator.Build.0 = Release|Any CPU
		{3B87F43B-4E66-448F-8B95-48E085350A1F}.Release|x64.ActiveCfg = Release|Any CPU
		{3B87F43B-4E66-448F-8B95-48E085350A1F}.Release|x64.Build.0 = Release|Any CPU
		{3B87F43B-4E66-448F-8B95-48E085350A1F}.Release|x86.ActiveCfg = Release|Any CPU
		{3B87F43B-4E66-448F-8B95-48E085350A1F}.Release|x86.Build.0 = Release|Any CPU
		{7538BFAE-9CD4-4169-B8A7-74B503F55B89}.Ad-Hoc|Any CPU.ActiveCfg = Release|x86
		{7538BFAE-9CD4-4169-B8A7-74B503F55B89}.Ad-Hoc|Any CPU.Build.0 = Release|x86
		{7538BFAE-9CD4-4169-B8A7-74B503F55B89}.Ad-Hoc|Any CPU.Deploy.0 = Release|x86
		{7538BFAE-9CD4-4169-B8A7-74B503F55B89}.Ad-Hoc|ARM.ActiveCfg = Release|ARM
		{7538BFAE-9CD4-4169-B8A7-74B503F55B89}.Ad-Hoc|ARM.Build.0 = Release|ARM
		{7538BFAE-9CD4-4169-B8A7-74B503F55B89}.Ad-Hoc|ARM.Deploy.0 = Release|ARM
		{7538BFAE-9CD4-4169-B8A7-74B503F55B89}.Ad-Hoc|iPhone.ActiveCfg = Release|x86
		{7538BFAE-9CD4-4169-B8A7-74B503F55B89}.Ad-Hoc|iPhone.Build.0 = Release|x86
		{7538BFAE-9CD4-4169-B8A7-74B503F55B89}.Ad-Hoc|iPhone.Deploy.0 = Release|x86
		{7538BFAE-9CD4-4169-B8A7-74B503F55B89}.Ad-Hoc|iPhoneSimulator.ActiveCfg = Release|x86
		{7538BFAE-9CD4-4169-B8A7-74B503F55B89}.Ad-Hoc|iPhoneSimulator.Build.0 = Release|x86
		{7538BFAE-9CD4-4169-B8A7-74B503F55B89}.Ad-Hoc|iPhoneSimulator.Deploy.0 = Release|x86
		{7538BFAE-9CD4-4169-B8A7-74B503F55B89}.Ad-Hoc|x64.ActiveCfg = Release|x64
		{7538BFAE-9CD4-4169-B8A7-74B503F55B89}.Ad-Hoc|x64.Build.0 = Release|x64
		{7538BFAE-9CD4-4169-B8A7-74B503F55B89}.Ad-Hoc|x64.Deploy.0 = Release|x64
		{7538BFAE-9CD4-4169-B8A7-74B503F55B89}.Ad-Hoc|x86.ActiveCfg = Release|x86
		{7538BFAE-9CD4-4169-B8A7-74B503F55B89}.Ad-Hoc|x86.Build.0 = Release|x86
		{7538BFAE-9CD4-4169-B8A7-74B503F55B89}.Ad-Hoc|x86.Deploy.0 = Release|x86
		{7538BFAE-9CD4-4169-B8A7-74B503F55B89}.AppStore|Any CPU.ActiveCfg = Release|x86
		{7538BFAE-9CD4-4169-B8A7-74B503F55B89}.AppStore|Any CPU.Build.0 = Release|x86
		{7538BFAE-9CD4-4169-B8A7-74B503F55B89}.AppStore|Any CPU.Deploy.0 = Release|x86
		{7538BFAE-9CD4-4169-B8A7-74B503F55B89}.AppStore|ARM.ActiveCfg = Release|ARM
		{7538BFAE-9CD4-4169-B8A7-74B503F55B89}.AppStore|ARM.Build.0 = Release|ARM
		{7538BFAE-9CD4-4169-B8A7-74B503F55B89}.AppStore|ARM.Deploy.0 = Release|ARM
		{7538BFAE-9CD4-4169-B8A7-74B503F55B89}.AppStore|iPhone.ActiveCfg = Release|x86
		{7538BFAE-9CD4-4169-B8A7-74B503F55B89}.AppStore|iPhone.Build.0 = Release|x86
		{7538BFAE-9CD4-4169-B8A7-74B503F55B89}.AppStore|iPhone.Deploy.0 = Release|x86
		{7538BFAE-9CD4-4169-B8A7-74B503F55B89}.AppStore|iPhoneSimulator.ActiveCfg = Release|x86
		{7538BFAE-9CD4-4169-B8A7-74B503F55B89}.AppStore|iPhoneSimulator.Build.0 = Release|x86
		{7538BFAE-9CD4-4169-B8A7-74B503F55B89}.AppStore|iPhoneSimulator.Deploy.0 = Release|x86
		{7538BFAE-9CD4-4169-B8A7-74B503F55B89}.AppStore|x64.ActiveCfg = Release|x64
		{7538BFAE-9CD4-4169-B8A7-74B503F55B89}.AppStore|x64.Build.0 = Release|x64
		{7538BFAE-9CD4-4169-B8A7-74B503F55B89}.AppStore|x64.Deploy.0 = Release|x64
		{7538BFAE-9CD4-4169-B8A7-74B503F55B89}.AppStore|x86.ActiveCfg = Release|x86
		{7538BFAE-9CD4-4169-B8A7-74B503F55B89}.AppStore|x86.Build.0 = Release|x86
		{7538BFAE-9CD4-4169-B8A7-74B503F55B89}.AppStore|x86.Deploy.0 = Release|x86
		{7538BFAE-9CD4-4169-B8A7-74B503F55B89}.Debug|Any CPU.ActiveCfg = Debug|x86
		{7538BFAE-9CD4-4169-B8A7-74B503F55B89}.Debug|ARM.ActiveCfg = Debug|ARM
		{7538BFAE-9CD4-4169-B8A7-74B503F55B89}.Debug|ARM.Build.0 = Debug|ARM
		{7538BFAE-9CD4-4169-B8A7-74B503F55B89}.Debug|ARM.Deploy.0 = Debug|ARM
		{7538BFAE-9CD4-4169-B8A7-74B503F55B89}.Debug|iPhone.ActiveCfg = Debug|x86
		{7538BFAE-9CD4-4169-B8A7-74B503F55B89}.Debug|iPhoneSimulator.ActiveCfg = Debug|x86
		{7538BFAE-9CD4-4169-B8A7-74B503F55B89}.Debug|x64.ActiveCfg = Debug|x64
		{7538BFAE-9CD4-4169-B8A7-74B503F55B89}.Debug|x64.Build.0 = Debug|x64
		{7538BFAE-9CD4-4169-B8A7-74B503F55B89}.Debug|x64.Deploy.0 = Debug|x64
		{7538BFAE-9CD4-4169-B8A7-74B503F55B89}.Debug|x86.ActiveCfg = Debug|x86
		{7538BFAE-9CD4-4169-B8A7-74B503F55B89}.Debug|x86.Build.0 = Debug|x86
		{7538BFAE-9CD4-4169-B8A7-74B503F55B89}.Debug|x86.Deploy.0 = Debug|x86
		{7538BFAE-9CD4-4169-B8A7-74B503F55B89}.Release|Any CPU.ActiveCfg = Release|x86
		{7538BFAE-9CD4-4169-B8A7-74B503F55B89}.Release|ARM.ActiveCfg = Release|ARM
		{7538BFAE-9CD4-4169-B8A7-74B503F55B89}.Release|ARM.Build.0 = Release|ARM
		{7538BFAE-9CD4-4169-B8A7-74B503F55B89}.Release|ARM.Deploy.0 = Release|ARM
		{7538BFAE-9CD4-4169-B8A7-74B503F55B89}.Release|iPhone.ActiveCfg = Release|x86
		{7538BFAE-9CD4-4169-B8A7-74B503F55B89}.Release|iPhoneSimulator.ActiveCfg = Release|x86
		{7538BFAE-9CD4-4169-B8A7-74B503F55B89}.Release|x64.ActiveCfg = Release|x64
		{7538BFAE-9CD4-4169-B8A7-74B503F55B89}.Release|x64.Build.0 = Release|x64
		{7538BFAE-9CD4-4169-B8A7-74B503F55B89}.Release|x64.Deploy.0 = Release|x64
		{7538BFAE-9CD4-4169-B8A7-74B503F55B89}.Release|x86.ActiveCfg = Release|x86
		{7538BFAE-9CD4-4169-B8A7-74B503F55B89}.Release|x86.Build.0 = Release|x86
		{7538BFAE-9CD4-4169-B8A7-74B503F55B89}.Release|x86.Deploy.0 = Release|x86
		{D1195CAC-E2BD-443B-B585-05E41A493D4D}.Ad-Hoc|Any CPU.ActiveCfg = Ad-Hoc|iPhoneSimulator
		{D1195CAC-E2BD-443B-B585-05E41A493D4D}.Ad-Hoc|ARM.ActiveCfg = Ad-Hoc|iPhone
		{D1195CAC-E2BD-443B-B585-05E41A493D4D}.Ad-Hoc|iPhone.ActiveCfg = Ad-Hoc|iPhone
		{D1195CAC-E2BD-443B-B585-05E41A493D4D}.Ad-Hoc|iPhone.Build.0 = Ad-Hoc|iPhone
		{D1195CAC-E2BD-443B-B585-05E41A493D4D}.Ad-Hoc|iPhoneSimulator.ActiveCfg = Ad-Hoc|iPhoneSimulator
		{D1195CAC-E2BD-443B-B585-05E41A493D4D}.Ad-Hoc|iPhoneSimulator.Build.0 = Ad-Hoc|iPhoneSimulator
		{D1195CAC-E2BD-443B-B585-05E41A493D4D}.Ad-Hoc|x64.ActiveCfg = Ad-Hoc|iPhone
		{D1195CAC-E2BD-443B-B585-05E41A493D4D}.Ad-Hoc|x86.ActiveCfg = Ad-Hoc|iPhone
		{D1195CAC-E2BD-443B-B585-05E41A493D4D}.AppStore|Any CPU.ActiveCfg = AppStore|iPhoneSimulator
		{D1195CAC-E2BD-443B-B585-05E41A493D4D}.AppStore|ARM.ActiveCfg = AppStore|iPhone
		{D1195CAC-E2BD-443B-B585-05E41A493D4D}.AppStore|iPhone.ActiveCfg = AppStore|iPhone
		{D1195CAC-E2BD-443B-B585-05E41A493D4D}.AppStore|iPhone.Build.0 = AppStore|iPhone
		{D1195CAC-E2BD-443B-B585-05E41A493D4D}.AppStore|iPhoneSimulator.ActiveCfg = AppStore|iPhoneSimulator
		{D1195CAC-E2BD-443B-B585-05E41A493D4D}.AppStore|iPhoneSimulator.Build.0 = AppStore|iPhoneSimulator
		{D1195CAC-E2BD-443B-B585-05E41A493D4D}.AppStore|x64.ActiveCfg = AppStore|iPhone
		{D1195CAC-E2BD-443B-B585-05E41A493D4D}.AppStore|x86.ActiveCfg = AppStore|iPhone
		{D1195CAC-E2BD-443B-B585-05E41A493D4D}.Debug|Any CPU.ActiveCfg = Debug|iPhoneSimulator
		{D1195CAC-E2BD-443B-B585-05E41A493D4D}.Debug|ARM.ActiveCfg = Debug|iPhone
		{D1195CAC-E2BD-443B-B585-05E41A493D4D}.Debug|iPhone.ActiveCfg = Debug|iPhone
		{D1195CAC-E2BD-443B-B585-05E41A493D4D}.Debug|iPhone.Build.0 = Debug|iPhone
		{D1195CAC-E2BD-443B-B585-05E41A493D4D}.Debug|iPhoneSimulator.ActiveCfg = Debug|iPhoneSimulator
		{D1195CAC-E2BD-443B-B585-05E41A493D4D}.Debug|iPhoneSimulator.Build.0 = Debug|iPhoneSimulator
		{D1195CAC-E2BD-443B-B585-05E41A493D4D}.Debug|x64.ActiveCfg = Debug|iPhone
		{D1195CAC-E2BD-443B-B585-05E41A493D4D}.Debug|x86.ActiveCfg = Debug|iPhone
		{D1195CAC-E2BD-443B-B585-05E41A493D4D}.Release|Any CPU.ActiveCfg = Release|iPhoneSimulator
		{D1195CAC-E2BD-443B-B585-05E41A493D4D}.Release|ARM.ActiveCfg = Release|iPhone
		{D1195CAC-E2BD-443B-B585-05E41A493D4D}.Release|iPhone.ActiveCfg = Release|iPhone
		{D1195CAC-E2BD-443B-B585-05E41A493D4D}.Release|iPhone.Build.0 = Release|iPhone
		{D1195CAC-E2BD-443B-B585-05E41A493D4D}.Release|iPhoneSimulator.ActiveCfg = Release|iPhoneSimulator
		{D1195CAC-E2BD-443B-B585-05E41A493D4D}.Release|iPhoneSimulator.Build.0 = Release|iPhoneSimulator
		{D1195CAC-E2BD-443B-B585-05E41A493D4D}.Release|x64.ActiveCfg = Release|iPhone
		{D1195CAC-E2BD-443B-B585-05E41A493D4D}.Release|x86.ActiveCfg = Release|iPhone
	EndGlobalSection
	GlobalSection(SolutionProperties) = preSolution
		HideSolutionNode = FALSE
	EndGlobalSection
	GlobalSection(ExtensibilityGlobals) = postSolution
		SolutionGuid = {1364098B-BC23-4443-8420-C68EEC252CA7}
	EndGlobalSection
EndGlobal
